{
    "_readme": [
        "This file locks the dependencies of your project to a known state",
        "Read more about it at https://getcomposer.org/doc/01-basic-usage.md#installing-dependencies",
        "This file is @generated automatically"
    ],
    "content-hash": "84b9fe5503ba5c324449d853e447bc0a",
    "packages": [
        {
            "name": "iu-redcap/phpcap",
            "version": "1.5.4",
            "source": {
                "type": "git",
                "url": "https://github.com/IUREDCap/phpcap.git",
                "reference": "970571a0fe35f0a458464b44a4b5e38d57222fd9"
            },
            "dist": {
                "type": "zip",
                "url": "https://api.github.com/repos/IUREDCap/phpcap/zipball/970571a0fe35f0a458464b44a4b5e38d57222fd9",
                "reference": "970571a0fe35f0a458464b44a4b5e38d57222fd9",
                "shasum": ""
            },
            "require": {
                "ext-curl": "*",
                "ext-openssl": "*",
                "php": ">=5.6.0"
            },
            "require-dev": {
                "erusev/parsedown": "1.8.0",
                "phpstan/phpstan": "2.1.40",
                "phpunit/phpunit": "13.0.5",
                "smalot/pdfparser": "2.12.3",
                "squizlabs/php_codesniffer": "4.0.1"
            },
            "type": "library",
            "autoload": {
                "psr-4": {
                    "IU\\PHPCap\\": "src/"
                }
            },
            "notification-url": "https://packagist.org/downloads/",
            "license": [
                "BSD-3-Clause"
            ],
            "description": "PHP library for accessing the REDCap API",
            "keywords": [
                "redcap"
            ],
            "support": {
                "issues": "https://github.com/IUREDCap/phpcap/issues",
                "source": "https://github.com/IUREDCap/phpcap/tree/1.5.4"
            },
            "time": "2026-03-10T15:33:54+00:00"
        }
    ],
    "packages-dev": [],
    "aliases": [],
    "minimum-stability": "stable",
    "stability-flags": {},
    "prefer-stable": false,
    "prefer-lowest": false,
    "platform": {},
    "platform-dev": {},
    "platform-overrides": {
        "php": "7.2.5"
    },
    "plugin-api-version": "2.9.0"
}
